
Microsoft Visual Studio Solution File, Format Version 12.00
# Visual Studio Version 16
VisualStudioVersion = 16.0.29215.179
MinimumVisualStudioVersion = 10.0.40219.1
Project("{9A19103F-16F7-4668-BE54-9A1E7A4F7556}") = "Sitecore.Demo.CortexWorkers", "Sitecore.Demo.CortexWorkers\Sitecore.Demo.CortexWorkers.csproj", "{B554BD4A-920E-4B48-999D-AABE71F1298C}"
EndProject
Project("{FAE04EC0-301F-11D3-BF4B-00C04F79EFBC}") = "Sitecore.Demo.Model", "Sitecore.Demo.Model\Sitecore.Demo.Model.csproj", "{93846635-83C0-4D0D-BAFB-D9DB7F743F40}"
EndProject
Project("{FAE04EC0-301F-11D3-BF4B-00C04F79EFBC}") = "Sitecore.Demo.CortexWorkers.Options", "Sitecore.Demo.CortexWorkers.Options\Sitecore.Demo.CortexWorkers.Options.csproj", "{D4F4F381-06A9-4B9E-A182-83317C13692F}"
EndProject
Project("{FAE04EC0-301F-11D3-BF4B-00C04F79EFBC}") = "Sitecore.Demo.Personalization", "Sitecore.Demo.Personalization\Sitecore.Demo.Personalization.csproj", "{88E0C663-87E8-4A12-B50D-C45148E3F219}"
EndProject
Global
	GlobalSection(SolutionConfigurationPlatforms) = preSolution
		Debug|Any CPU = Debug|Any CPU
		Release|Any CPU = Release|Any CPU
	EndGlobalSection
	GlobalSection(ProjectConfigurationPlatforms) = postSolution
		{B554BD4A-920E-4B48-999D-AABE71F1298C}.Debug|Any CPU.ActiveCfg = Debug|Any CPU
		{B554BD4A-920E-4B48-999D-AABE71F1298C}.Debug|Any CPU.Build.0 = Debug|Any CPU
		{B554BD4A-920E-4B48-999D-AABE71F1298C}.Release|Any CPU.ActiveCfg = Release|Any CPU
		{B554BD4A-920E-4B48-999D-AABE71F1298C}.Release|Any CPU.Build.0 = Release|Any CPU
		{93846635-83C0-4D0D-BAFB-D9DB7F743F40}.Debug|Any CPU.ActiveCfg = Debug|Any CPU
		{93846635-83C0-4D0D-BAFB-D9DB7F743F40}.Debug|Any CPU.Build.0 = Debug|Any CPU
		{93846635-83C0-4D0D-BAFB-D9DB7F743F40}.Release|Any CPU.ActiveCfg = Release|Any CPU
		{93846635-83C0-4D0D-BAFB-D9DB7F743F40}.Release|Any CPU.Build.0 = Release|Any CPU
		{D4F4F381-06A9-4B9E-A182-83317C13692F}.Debug|Any CPU.ActiveCfg = Debug|Any CPU
		{D4F4F381-06A9-4B9E-A182-83317C13692F}.Debug|Any CPU.Build.0 = Debug|Any CPU
		{D4F4F381-06A9-4B9E-A182-83317C13692F}.Release|Any CPU.ActiveCfg = Release|Any CPU
		{D4F4F381-06A9-4B9E-A182-83317C13692F}.Release|Any CPU.Build.0 = Release|Any CPU
		{88E0C663-87E8-4A12-B50D-C45148E3F219}.Debug|Any CPU.ActiveCfg = Debug|Any CPU
		{88E0C663-87E8-4A12-B50D-C45148E3F219}.Debug|Any CPU.Build.0 = Debug|Any CPU
		{88E0C663-87E8-4A12-B50D-C45148E3F219}.Release|Any CPU.ActiveCfg = Release|Any CPU
		{88E0C663-87E8-4A12-B50D-C45148E3F219}.Release|Any CPU.Build.0 = Release|Any CPU
	EndGlobalSection
	GlobalSection(SolutionProperties) = preSolution
		HideSolutionNode = FALSE
	EndGlobalSection
	GlobalSection(ExtensibilityGlobals) = postSolution
		SolutionGuid = {32A5A288-80C3-4F81-A260-6B64F9024C04}
	EndGlobalSection
EndGlobal
